
Microsoft Visual Studio Solution File, Format Version 12.00
# Visual Studio 2013
VisualStudioVersion = 12.0.31101.0
MinimumVisualStudioVersion = 10.0.40219.1
Project("{F2A71F9B-5D33-465A-A702-920D77279786}") = "FSharpGPU", "FSharpGPU\FSharpGPU.fsproj", "{74864DEF-291A-487B-839C-92B636C884C6}"
EndProject
Project("{F2A71F9B-5D33-465A-A702-920D77279786}") = "TestApp", "TestApp\TestApp.fsproj", "{ED7B95E5-5A43-4F91-9CC2-A07A539863B4}"
EndProject
Project("{F2A71F9B-5D33-465A-A702-920D77279786}") = "FSharpGPUUnitTests", "FSharpGPUUnitTests\FSharpGPUUnitTests.fsproj", "{B160BF61-7129-46AD-A3D6-50AAE1775BA1}"
EndProject
Project("{2150E333-8FDC-42A3-9474-1A3956D46DE8}") = ".nuget", ".nuget", "{43764E56-0F52-42CC-BD46-C73E6FEB7C91}"
	ProjectSection(SolutionItems) = preProject
		.nuget\packages.config = .nuget\packages.config
	EndProjectSection
EndProject
Project("{8BC9CEB8-8B4A-11D0-8D11-00A0C91BC942}") = "FSharpGPUInterop", "FSharpGPUInterop\FSharpGPUInterop.vcxproj", "{17E3AA20-9675-42B7-91DB-58B83885D970}"
EndProject
Global
	GlobalSection(SolutionConfigurationPlatforms) = preSolution
		Debug|Any CPU = Debug|Any CPU
		Debug|Mixed Platforms = Debug|Mixed Platforms
		Debug|Win32 = Debug|Win32
		Debug|x64 = Debug|x64
		Release|Any CPU = Release|Any CPU
		Release|Mixed Platforms = Release|Mixed Platforms
		Release|Win32 = Release|Win32
		Release|x64 = Release|x64
	EndGlobalSection
	GlobalSection(ProjectConfigurationPlatforms) = postSolution
		{74864DEF-291A-487B-839C-92B636C884C6}.Debug|Any CPU.ActiveCfg = Debug|Any CPU
		{74864DEF-291A-487B-839C-92B636C884C6}.Debug|Any CPU.Build.0 = Debug|Any CPU
		{74864DEF-291A-487B-839C-92B636C884C6}.Debug|Mixed Platforms.ActiveCfg = Debug|Any CPU
		{74864DEF-291A-487B-839C-92B636C884C6}.Debug|Mixed Platforms.Build.0 = Debug|Any CPU
		{74864DEF-291A-487B-839C-92B636C884C6}.Debug|Win32.ActiveCfg = Debug|Any CPU
		{74864DEF-291A-487B-839C-92B636C884C6}.Debug|x64.ActiveCfg = Debug|Any CPU
		{74864DEF-291A-487B-839C-92B636C884C6}.Release|Any CPU.ActiveCfg = Release|Any CPU
		{74864DEF-291A-487B-839C-92B636C884C6}.Release|Any CPU.Build.0 = Release|Any CPU
		{74864DEF-291A-487B-839C-92B636C884C6}.Release|Mixed Platforms.ActiveCfg = Release|Any CPU
		{74864DEF-291A-487B-839C-92B636C884C6}.Release|Mixed Platforms.Build.0 = Release|Any CPU
		{74864DEF-291A-487B-839C-92B636C884C6}.Release|Win32.ActiveCfg = Release|Any CPU
		{74864DEF-291A-487B-839C-92B636C884C6}.Release|x64.ActiveCfg = Release|Any CPU
		{ED7B95E5-5A43-4F91-9CC2-A07A539863B4}.Debug|Any CPU.ActiveCfg = Debug|Any CPU
		{ED7B95E5-5A43-4F91-9CC2-A07A539863B4}.Debug|Any CPU.Build.0 = Debug|Any CPU
		{ED7B95E5-5A43-4F91-9CC2-A07A539863B4}.Debug|Mixed Platforms.ActiveCfg = Debug|Any CPU
		{ED7B95E5-5A43-4F91-9CC2-A07A539863B4}.Debug|Mixed Platforms.Build.0 = Debug|Any CPU
		{ED7B95E5-5A43-4F91-9CC2-A07A539863B4}.Debug|Win32.ActiveCfg = Debug|Any CPU
		{ED7B95E5-5A43-4F91-9CC2-A07A539863B4}.Debug|x64.ActiveCfg = Debug|Any CPU
		{ED7B95E5-5A43-4F91-9CC2-A07A539863B4}.Release|Any CPU.ActiveCfg = Release|Any CPU
		{ED7B95E5-5A43-4F91-9CC2-A07A539863B4}.Release|Any CPU.Build.0 = Release|Any CPU
		{ED7B95E5-5A43-4F91-9CC2-A07A539863B4}.Release|Mixed Platforms.ActiveCfg = Release|Any CPU
		{ED7B95E5-5A43-4F91-9CC2-A07A539863B4}.Release|Mixed Platforms.Build.0 = Release|Any CPU
		{ED7B95E5-5A43-4F91-9CC2-A07A539863B4}.Release|Win32.ActiveCfg = Release|Any CPU
		{ED7B95E5-5A43-4F91-9CC2-A07A539863B4}.Release|x64.ActiveCfg = Release|Any CPU
		{B160BF61-7129-46AD-A3D6-50AAE1775BA1}.Debug|Any CPU.ActiveCfg = Debug|Any CPU
		{B160BF61-7129-46AD-A3D6-50AAE1775BA1}.Debug|Any CPU.Build.0 = Debug|Any CPU
		{B160BF61-7129-46AD-A3D6-50AAE1775BA1}.Debug|Mixed Platforms.ActiveCfg = Debug|Any CPU
		{B160BF61-7129-46AD-A3D6-50AAE1775BA1}.Debug|Mixed Platforms.Build.0 = Debug|Any CPU
		{B160BF61-7129-46AD-A3D6-50AAE1775BA1}.Debug|Win32.ActiveCfg = Debug|Any CPU
		{B160BF61-7129-46AD-A3D6-50AAE1775BA1}.Debug|x64.ActiveCfg = Debug|Any CPU
		{B160BF61-7129-46AD-A3D6-50AAE1775BA1}.Release|Any CPU.ActiveCfg = Release|Any CPU
		{B160BF61-7129-46AD-A3D6-50AAE1775BA1}.Release|Any CPU.Build.0 = Release|Any CPU
		{B160BF61-7129-46AD-A3D6-50AAE1775BA1}.Release|Mixed Platforms.ActiveCfg = Release|Any CPU
		{B160BF61-7129-46AD-A3D6-50AAE1775BA1}.Release|Mixed Platforms.Build.0 = Release|Any CPU
		{B160BF61-7129-46AD-A3D6-50AAE1775BA1}.Release|Win32.ActiveCfg = Release|Any CPU
		{B160BF61-7129-46AD-A3D6-50AAE1775BA1}.Release|x64.ActiveCfg = Release|Any CPU
		{17E3AA20-9675-42B7-91DB-58B83885D970}.Debug|Any CPU.ActiveCfg = Debug|Win32
		{17E3AA20-9675-42B7-91DB-58B83885D970}.Debug|Mixed Platforms.ActiveCfg = Debug|Win32
		{17E3AA20-9675-42B7-91DB-58B83885D970}.Debug|Mixed Platforms.Build.0 = Debug|Win32
		{17E3AA20-9675-42B7-91DB-58B83885D970}.Debug|Win32.ActiveCfg = Debug|Win32
		{17E3AA20-9675-42B7-91DB-58B83885D970}.Debug|Win32.Build.0 = Debug|Win32
		{17E3AA20-9675-42B7-91DB-58B83885D970}.Debug|x64.ActiveCfg = Debug|x64
		{17E3AA20-9675-42B7-91DB-58B83885D970}.Debug|x64.Build.0 = Debug|x64
		{17E3AA20-9675-42B7-91DB-58B83885D970}.Release|Any CPU.ActiveCfg = Release|Win32
		{17E3AA20-9675-42B7-91DB-58B83885D970}.Release|Mixed Platforms.ActiveCfg = Release|Win32
		{17E3AA20-9675-42B7-91DB-58B83885D970}.Release|Mixed Platforms.Build.0 = Release|Win32
		{17E3AA20-9675-42B7-91DB-58B83885D970}.Release|Win32.ActiveCfg = Release|Win32
		{17E3AA20-9675-42B7-91DB-58B83885D970}.Release|Win32.Build.0 = Release|Win32
		{17E3AA20-9675-42B7-91DB-58B83885D970}.Release|x64.ActiveCfg = Release|x64
		{17E3AA20-9675-42B7-91DB-58B83885D970}.Release|x64.Build.0 = Release|x64
	EndGlobalSection
	GlobalSection(SolutionProperties) = preSolution
		HideSolutionNode = FALSE
	EndGlobalSection
	GlobalSection(Performance) = preSolution
		HasPerformanceSessions = true
	EndGlobalSection
EndGlobal
